// !$*UTF8*$!
{
	archiveVersion = 1;
	classes = {
	};
	objectVersion = 50;
	objects = {

/* Begin PBXBuildFile section */
		298F42282BFBC0592D6630CA /* Pods_Flower_Identifier.framework in Frameworks */ = {isa = PBXBuildFile; fileRef = D6DDF2563B810EC7BE004E3E /* Pods_Flower_Identifier.framework */; };
		930E011A24D8B658006865AD /* FlowerClassifier.mlmodel in Sources */ = {isa = PBXBuildFile; fileRef = 930E011924D8B658006865AD /* FlowerClassifier.mlmodel */; };
		93EA54D624D4B38200FC34FC /* AppDelegate.swift in Sources */ = {isa = PBXBuildFile; fileRef = 93EA54D524D4B38200FC34FC /* AppDelegate.swift */; };
		93EA54D824D4B38200FC34FC /* SceneDelegate.swift in Sources */ = {isa = PBXBuildFile; fileRef = 93EA54D724D4B38200FC34FC /* SceneDelegate.swift */; };
		93EA54DA24D4B38200FC34FC /* ViewController.swift in Sources */ = {isa = PBXBuildFile; fileRef = 93EA54D924D4B38200FC34FC /* ViewController.swift */; };
		93EA54DD24D4B38200FC34FC /* Main.storyboard in Resources */ = {isa = PBXBuildFile; fileRef = 93EA54DB24D4B38200FC34FC /* Main.storyboard */; };
		93EA54DF24D4B38400FC34FC /* Assets.xcassets in Resources */ = {isa = PBXBuildFile; fileRef = 93EA54DE24D4B38400FC34FC /* Assets.xcassets */; };
		93EA54E224D4B38400FC34FC /* LaunchScreen.storyboard in Resources */ = {isa = PBXBuildFile; fileRef = 93EA54E024D4B38400FC34FC /* LaunchScreen.storyboard */; };
/* End PBXBuildFile section */

/* Begin PBXFileReference section */
		930E011924D8B658006865AD /* FlowerClassifier.mlmodel */ = {isa = PBXFileReference; lastKnownFileType = file.mlmodel; path = FlowerClassifier.mlmodel; sourceTree = "<group>"; };
		93EA54D224D4B38200FC34FC /* Flower Identifier.app */ = {isa = PBXFileReference; explicitFileType = wrapper.application; includeInIndex = 0; path = "Flower Identifier.app"; sourceTree = BUILT_PRODUCTS_DIR; };
		93EA54D524D4B38200FC34FC /* AppDelegate.swift */ = {isa = PBXFileReference; lastKnownFileType = sourcecode.swift; path = AppDelegate.swift; sourceTree = "<group>"; };
		93EA54D724D4B38200FC34FC /* SceneDelegate.swift */ = {isa = PBXFileReference; lastKnownFileType = sourcecode.swift; path = SceneDelegate.swift; sourceTree = "<group>"; };
		93EA54D924D4B38200FC34FC /* ViewController.swift */ = {isa = PBXFileReference; lastKnownFileType = sourcecode.swift; path = ViewController.swift; sourceTree = "<group>"; };
		93EA54DC24D4B38200FC34FC /* Base */ = {isa = PBXFileReference; lastKnownFileType = file.storyboard; name = Base; path = Base.lproj/Main.storyboard; sourceTree = "<group>"; };
		93EA54DE24D4B38400FC34FC /* Assets.xcassets */ = {isa = PBXFileReference; lastKnownFileType = folder.assetcatalog; path = Assets.xcassets; sourceTree = "<group>"; };
		93EA54E124D4B38400FC34FC /* Base */ = {isa = PBXFileReference; lastKnownFileType = file.storyboard; name = Base; path = Base.lproj/LaunchScreen.storyboard; sourceTree = "<group>"; };
		93EA54E324D4B38400FC34FC /* Info.plist */ = {isa = PBXFileReference; lastKnownFileType = text.plist.xml; path = Info.plist; sourceTree = "<group>"; };
		A01B7F5DE4C47EC029E2AD22 /* Pods-Flower Identifier.release.xcconfig */ = {isa = PBXFileReference; includeInIndex = 1; lastKnownFileType = text.xcconfig; name = "Pods-Flower Identifier.release.xcconfig"; path = "Target Support Files/Pods-Flower Identifier/Pods-Flower Identifier.release.xcconfig"; sourceTree = "<group>"; };
		D6DDF2563B810EC7BE004E3E /* Pods_Flower_Identifier.framework */ = {isa = PBXFileReference; explicitFileType = wrapper.framework; includeInIndex = 0; path = Pods_Flower_Identifier.framework; sourceTree = BUILT_PRODUCTS_DIR; };
		E44C8B276CCFE2F1A9FAA0EA /* Pods-Flower Identifier.debug.xcconfig */ = {isa = PBXFileReference; includeInIndex = 1; lastKnownFileType = text.xcconfig; name = "Pods-Flower Identifier.debug.xcconfig"; path = "Target Support Files/Pods-Flower Identifier/Pods-Flower Identifier.debug.xcconfig"; sourceTree = "<group>"; };
/* End PBXFileReference section */

/* Begin PBXFrameworksBuildPhase section */
		93EA54CF24D4B38200FC34FC /* Frameworks */ = {
			isa = PBXFrameworksBuildPhase;
			buildActionMask = 2147483647;
			files = (
				298F42282BFBC0592D6630CA /* Pods_Flower_Identifier.framework in Frameworks */,
			);
			runOnlyForDeploymentPostprocessing = 0;
		};
/* End PBXFrameworksBuildPhase section */

/* Begin PBXGroup section */
		8191C4B7F0A8B405D6DAF0AD /* Frameworks */ = {
			isa = PBXGroup;
			children = (
				D6DDF2563B810EC7BE004E3E /* Pods_Flower_Identifier.framework */,
			);
			name = Frameworks;
			sourceTree = "<group>";
		};
		93EA54C924D4B38200FC34FC = {
			isa = PBXGroup;
			children = (
				93EA54D424D4B38200FC34FC /* Flower Identifier */,
				93EA54D324D4B38200FC34FC /* Products */,
				CB36DB073E7F1FE6A18CC88D /* Pods */,
				8191C4B7F0A8B405D6DAF0AD /* Frameworks */,
			);
			sourceTree = "<group>";
		};
		93EA54D324D4B38200FC34FC /* Products */ = {
			isa = PBXGroup;
			children = (
				93EA54D224D4B38200FC34FC /* Flower Identifier.app */,
			);
			name = Products;
			sourceTree = "<group>";
		};
		93EA54D424D4B38200FC34FC /* Flower Identifier */ = {
			isa = PBXGroup;
			children = (
				93EA54D524D4B38200FC34FC /* AppDelegate.swift */,
				93EA54D724D4B38200FC34FC /* SceneDelegate.swift */,
				93EA54D924D4B38200FC34FC /* ViewController.swift */,
				93EA54DB24D4B38200FC34FC /* Main.storyboard */,
				93EA54DE24D4B38400FC34FC /* Assets.xcassets */,
				93EA54E024D4B38400FC34FC /* LaunchScreen.storyboard */,
				93EA54E324D4B38400FC34FC /* Info.plist */,
				930E011924D8B658006865AD /* FlowerClassifier.mlmodel */,
			);
			path = "Flower Identifier";
			sourceTree = "<group>";
		};
		CB36DB073E7F1FE6A18CC88D /* Pods */ = {
			isa = PBXGroup;
			children = (
				E44C8B276CCFE2F1A9FAA0EA /* Pods-Flower Identifier.debug.xcconfig */,
				A01B7F5DE4C47EC029E2AD22 /* Pods-Flower Identifier.release.xcconfig */,
			);
			name = Pods;
			path = Pods;
			sourceTree = "<group>";
		};
/* End PBXGroup section */

/* Begin PBXNativeTarget section */
		93EA54D124D4B38200FC34FC /* Flower Identifier */ = {
			isa = PBXNativeTarget;
			buildConfigurationList = 93EA54E624D4B38400FC34FC /* Build configuration list for PBXNativeTarget "Flower Identifier" */;
			buildPhases = (
				3654F518A3FD110F40AD10A4 /* [CP] Check Pods Manifest.lock */,
				93EA54CE24D4B38200FC34FC /* Sources */,
				93EA54CF24D4B38200FC34FC /* Frameworks */,
				93EA54D024D4B38200FC34FC /* Resources */,
				83C2E57446F97A2241526344 /* [CP] Embed Pods Frameworks */,
			);
			buildRules = (
			);
			dependencies = (
			);
			name = "Flower Identifier";
			productName = "Flower Identifier";
			productReference = 93EA54D224D4B38200FC34FC /* Flower Identifier.app */;
			productType = "com.apple.product-type.application";
		};
/* End PBXNativeTarget section */

/* Begin PBXProject section */
		93EA54CA24D4B38200FC34FC /* Project object */ = {
			isa = PBXProject;
			attributes = {
				LastSwiftUpdateCheck = 1160;
				LastUpgradeCheck = 1160;
				ORGANIZATIONNAME = "Gustavo Tiecker";
				TargetAttributes = {
					93EA54D124D4B38200FC34FC = {
						CreatedOnToolsVersion = 11.6;
					};
				};
			};
			buildConfigurationList = 93EA54CD24D4B38200FC34FC /* Build configuration list for PBXProject "Flower Identifier" */;
			compatibilityVersion = "Xcode 9.3";
			developmentRegion = en;
			hasScannedForEncodings = 0;
			knownRegions = (
				en,
				Base,
			);
			mainGroup = 93EA54C924D4B38200FC34FC;
			productRefGroup = 93EA54D324D4B38200FC34FC /* Products */;
			projectDirPath = "";
			projectRoot = "";
			targets = (
				93EA54D124D4B38200FC34FC /* Flower Identifier */,
			);
		};
/* End PBXProject section */

/* Begin PBXResourcesBuildPhase section */
		93EA54D024D4B38200FC34FC /* Resources */ = {
			isa = PBXResourcesBuildPhase;
			buildActionMask = 2147483647;
			files = (
				93EA54E224D4B38400FC34FC /* LaunchScreen.storyboard in Resources */,
				93EA54DF24D4B38400FC34FC /* Assets.xcassets in Resources */,
				93EA54DD24D4B38200FC34FC /* Main.storyboard in Resources */,
			);
			runOnlyForDeploymentPostprocessing = 0;
		};
/* End PBXResourcesBuildPhase section */

/* Begin PBXShellScriptBuildPhase section */
		3654F518A3FD110F40AD10A4 /* [CP] Check Pods Manifest.lock */ = {
			isa = PBXShellScriptBuildPhase;
			buildActionMask = 2147483647;
			files = (
			);
			inputFileListPaths = (
			);
			inputPaths = (
				"${PODS_PODFILE_DIR_PATH}/Podfile.lock",
				"${PODS_ROOT}/Manifest.lock",
			);
			name = "[CP] Check Pods Manifest.lock";
			outputFileListPaths = (
			);
			outputPaths = (
				"$(DERIVED_FILE_DIR)/Pods-Flower Identifier-checkManifestLockResult.txt",
			);
			runOnlyForDeploymentPostprocessing = 0;
			shellPath = /bin/sh;
			shellScript = "diff \"${PODS_PODFILE_DIR_PATH}/Podfile.lock\" \"${PODS_ROOT}/Manifest.lock\" > /dev/null\nif [ $? != 0 ] ; then\n    # print error to STDERR\n    echo \"error: The sandbox is not in sync with the Podfile.lock. Run 'pod install' or update your CocoaPods installation.\" >&2\n    exit 1\nfi\n# This output is used by Xcode 'outputs' to avoid re-running this script phase.\necho \"SUCCESS\" > \"${SCRIPT_OUTPUT_FILE_0}\"\n";
			showEnvVarsInLog = 0;
		};
		83C2E57446F97A2241526344 /* [CP] Embed Pods Frameworks */ = {
			isa = PBXShellScriptBuildPhase;
			buildActionMask = 2147483647;
			files = (
			);
			inputFileListPaths = (
				"${PODS_ROOT}/Target Support Files/Pods-Flower Identifier/Pods-Flower Identifier-frameworks-${CONFIGURATION}-input-files.xcfilelist",
			);
			name = "[CP] Embed Pods Frameworks";
			outputFileListPaths = (
				"${PODS_ROOT}/Target Support Files/Pods-Flower Identifier/Pods-Flower Identifier-frameworks-${CONFIGURATION}-output-files.xcfilelist",
			);
			runOnlyForDeploymentPostprocessing = 0;
			shellPath = /bin/sh;
			shellScript = "\"${PODS_ROOT}/Target Support Files/Pods-Flower Identifier/Pods-Flower Identifier-frameworks.sh\"\n";
			showEnvVarsInLog = 0;
		};
/* End PBXShellScriptBuildPhase section */

/* Begin PBXSourcesBuildPhase section */
		93EA54CE24D4B38200FC34FC /* Sources */ = {
			isa = PBXSourcesBuildPhase;
			buildActionMask = 2147483647;
			files = (
				930E011A24D8B658006865AD /* FlowerClassifier.mlmodel in Sources */,
				93EA54DA24D4B38200FC34FC /* ViewController.swift in Sources */,
				93EA54D624D4B38200FC34FC /* AppDelegate.swift in Sources */,
				93EA54D824D4B38200FC34FC /* SceneDelegate.swift in Sources */,
			);
			runOnlyForDeploymentPostprocessing = 0;
		};
/* End PBXSourcesBuildPhase section */

/* Begin PBXVariantGroup section */
		93EA54DB24D4B38200FC34FC /* Main.storyboard */ = {
			isa = PBXVariantGroup;
			children = (
				93EA54DC24D4B38200FC34FC /* Base */,
			);
			name = Main.storyboard;
			sourceTree = "<group>";
		};
		93EA54E024D4B38400FC34FC /* LaunchScreen.storyboard */ = {
			isa = PBXVariantGroup;
			children = (
				93EA54E124D4B38400FC34FC /* Base */,
			);
			name = LaunchScreen.storyboard;
			sourceTree = "<group>";
		};
/* End PBXVariantGroup section */

/* Begin XCBuildConfiguration section */
		93EA54E424D4B38400FC34FC /* Debug */ = {
			isa = XCBuildConfiguration;
			buildSettings = {
				ALWAYS_SEARCH_USER_PATHS = NO;
				CLANG_ANALYZER_NONNULL = YES;
				CLANG_ANALYZER_NUMBER_OBJECT_CONVERSION = YES_AGGRESSIVE;
				CLANG_CXX_LANGUAGE_STANDARD = "gnu++14";
				CLANG_CXX_LIBRARY = "libc++";
				CLANG_ENABLE_MODULES = YES;
				CLANG_ENABLE_OBJC_ARC = YES;
				CLANG_ENABLE_OBJC_WEAK = YES;
				CLANG_WARN_BLOCK_CAPTURE_AUTORELEASING = YES;
				CLANG_WARN_BOOL_CONVERSION = YES;
				CLANG_WARN_COMMA = YES;
				CLANG_WARN_CONSTANT_CONVERSION = YES;
				CLANG_WARN_DEPRECATED_OBJC_IMPLEMENTATIONS = YES;
				CLANG_WARN_DIRECT_OBJC_ISA_USAGE = YES_ERROR;
				CLANG_WARN_DOCUMENTATION_COMMENTS = YES;
				CLANG_WARN_EMPTY_BODY = YES;
				CLANG_WARN_ENUM_CONVERSION = YES;
				CLANG_WARN_INFINITE_RECURSION = YES;
				CLANG_WARN_INT_CONVERSION = YES;
				CLANG_WARN_NON_LITERAL_NULL_CONVERSION = YES;
				CLANG_WARN_OBJC_IMPLICIT_RETAIN_SELF = YES;
				CLANG_WARN_OBJC_LITERAL_CONVERSION = YES;
				CLANG_WARN_OBJC_ROOT_CLASS = YES_ERROR;
				CLANG_WARN_RANGE_LOOP_ANALYSIS = YES;
				CLANG_WARN_STRICT_PROTOTYPES = YES;
				CLANG_WARN_SUSPICIOUS_MOVE = YES;
				CLANG_WARN_UNGUARDED_AVAILABILITY = YES_AGGRESSIVE;
				CLANG_WARN_UNREACHABLE_CODE = YES;
				CLANG_WARN__DUPLICATE_METHOD_MATCH = YES;
				COPY_PHASE_STRIP = NO;
				DEBUG_INFORMATION_FORMAT = dwarf;
				ENABLE_STRICT_OBJC_MSGSEND = YES;
				ENABLE_TESTABILITY = YES;
				GCC_C_LANGUAGE_STANDARD = gnu11;
				GCC_DYNAMIC_NO_PIC = NO;
				GCC_NO_COMMON_BLOCKS = YES;
				GCC_OPTIMIZATION_LEVEL = 0;
				GCC_PREPROCESSOR_DEFINITIONS = (
					"DEBUG=1",
					"$(inherited)",
				);
				GCC_WARN_64_TO_32_BIT_CONVERSION = YES;
				GCC_WARN_ABOUT_RETURN_TYPE = YES_ERROR;
				GCC_WARN_UNDECLARED_SELECTOR = YES;
				GCC_WARN_UNINITIALIZED_AUTOS = YES_AGGRESSIVE;
				GCC_WARN_UNUSED_FUNCTION = YES;
				GCC_WARN_UNUSED_VARIABLE = YES;
				IPHONEOS_DEPLOYMENT_TARGET = 13.6;
				MTL_ENABLE_DEBUG_INFO = INCLUDE_SOURCE;
				MTL_FAST_MATH = YES;
				ONLY_ACTIVE_ARCH = YES;
				SDKROOT = iphoneos;
				SWIFT_ACTIVE_COMPILATION_CONDITIONS = DEBUG;
				SWIFT_OPTIMIZATION_LEVEL = "-Onone";
			};
			name = Debug;
		};
		93EA54E524D4B38400FC34FC /* Release */ = {
			isa = XCBuildConfiguration;
			buildSettings = {
				ALWAYS_SEARCH_USER_PATHS = NO;
				CLANG_ANALYZER_NONNULL = YES;
				CLANG_ANALYZER_NUMBER_OBJECT_CONVERSION = YES_AGGRESSIVE;
				CLANG_CXX_LANGUAGE_STANDARD = "gnu++14";
				CLANG_CXX_LIBRARY = "libc++";
				CLANG_ENABLE_MODULES = YES;
				CLANG_ENABLE_OBJC_ARC = YES;
				CLANG_ENABLE_OBJC_WEAK = YES;
				CLANG_WARN_BLOCK_CAPTURE_AUTORELEASING = YES;
				CLANG_WARN_BOOL_CONVERSION = YES;
				CLANG_WARN_COMMA = YES;
				CLANG_WARN_CONSTANT_CONVERSION = YES;
				CLANG_WARN_DEPRECATED_OBJC_IMPLEMENTATIONS = YES;
				CLANG_WARN_DIRECT_OBJC_ISA_USAGE = YES_ERROR;
				CLANG_WARN_DOCUMENTATION_COMMENTS = YES;
				CLANG_WARN_EMPTY_BODY = YES;
				CLANG_WARN_ENUM_CONVERSION = YES;
				CLANG_WARN_INFINITE_RECURSION = YES;
				CLANG_WARN_INT_CONVERSION = YES;
				CLANG_WARN_NON_LITERAL_NULL_CONVERSION = YES;
				CLANG_WARN_OBJC_IMPLICIT_RETAIN_SELF = YES;
				CLANG_WARN_OBJC_LITERAL_CONVERSION = YES;
				CLANG_WARN_OBJC_ROOT_CLASS = YES_ERROR;
				CLANG_WARN_RANGE_LOOP_ANALYSIS = YES;
				CLANG_WARN_STRICT_PROTOTYPES = YES;
				CLANG_WARN_SUSPICIOUS_MOVE = YES;
				CLANG_WARN_UNGUARDED_AVAILABILITY = YES_AGGRESSIVE;
				CLANG_WARN_UNREACHABLE_CODE = YES;
				CLANG_WARN__DUPLICATE_METHOD_MATCH = YES;
				COPY_PHASE_STRIP = NO;
				DEBUG_INFORMATION_FORMAT = "dwarf-with-dsym";
				ENABLE_NS_ASSERTIONS = NO;
				ENABLE_STRICT_OBJC_MSGSEND = YES;
				GCC_C_LANGUAGE_STANDARD = gnu11;
				GCC_NO_COMMON_BLOCKS = YES;
				GCC_WARN_64_TO_32_BIT_CONVERSION = YES;
				GCC_WARN_ABOUT_RETURN_TYPE = YES_ERROR;
				GCC_WARN_UNDECLARED_SELECTOR = YES;
				GCC_WARN_UNINITIALIZED_AUTOS = YES_AGGRESSIVE;
				GCC_WARN_UNUSED_FUNCTION = YES;
				GCC_WARN_UNUSED_VARIABLE = YES;
				IPHONEOS_DEPLOYMENT_TARGET = 13.6;
				MTL_ENABLE_DEBUG_INFO = NO;
				MTL_FAST_MATH = YES;
				SDKROOT = iphoneos;
				SWIFT_COMPILATION_MODE = wholemodule;
				SWIFT_OPTIMIZATION_LEVEL = "-O";
				VALIDATE_PRODUCT = YES;
			};
			name = Release;
		};
		93EA54E724D4B38400FC34FC /* Debug */ = {
			isa = XCBuildConfiguration;
			baseConfigurationReference = E44C8B276CCFE2F1A9FAA0EA /* Pods-Flower Identifier.debug.xcconfig */;
			buildSettings = {
				ASSETCATALOG_COMPILER_APPICON_NAME = AppIcon;
				CODE_SIGN_STYLE = Automatic;
				INFOPLIST_FILE = "Flower Identifier/Info.plist";
				LD_RUNPATH_SEARCH_PATHS = (
					"$(inherited)",
					"@executable_path/Frameworks",
				);
				PRODUCT_BUNDLE_IDENTIFIER = "com.gustavotiecker.Flower-Identifier";
				PRODUCT_NAME = "$(TARGET_NAME)";
				SWIFT_VERSION = 5.0;
				TARGETED_DEVICE_FAMILY = "1,2";
			};
			name = Debug;
		};
		93EA54E824D4B38400FC34FC /* Release */ = {
			isa = XCBuildConfiguration;
			baseConfigurationReference = A01B7F5DE4C47EC029E2AD22 /* Pods-Flower Identifier.release.xcconfig */;
			buildSettings = {
				ASSETCATALOG_COMPILER_APPICON_NAME = AppIcon;
				CODE_SIGN_STYLE = Automatic;
				INFOPLIST_FILE = "Flower Identifier/Info.plist";
				LD_RUNPATH_SEARCH_PATHS = (
					"$(inherited)",
					"@executable_path/Frameworks",
				);
				PRODUCT_BUNDLE_IDENTIFIER = "com.gustavotiecker.Flower-Identifier";
				PRODUCT_NAME = "$(TARGET_NAME)";
				SWIFT_VERSION = 5.0;
				TARGETED_DEVICE_FAMILY = "1,2";
			};
			name = Release;
		};
/* End XCBuildConfiguration section */

/* Begin XCConfigurationList section */
		93EA54CD24D4B38200FC34FC /* Build configuration list for PBXProject "Flower Identifier" */ = {
			isa = XCConfigurationList;
			buildConfigurations = (
				93EA54E424D4B38400FC34FC /* Debug */,
				93EA54E524D4B38400FC34FC /* Release */,
			);
			defaultConfigurationIsVisible = 0;
			defaultConfigurationName = Release;
		};
		93EA54E624D4B38400FC34FC /* Build configuration list for PBXNativeTarget "Flower Identifier" */ = {
			isa = XCConfigurationList;
			buildConfigurations = (
				93EA54E724D4B38400FC34FC /* Debug */,
				93EA54E824D4B38400FC34FC /* Release */,
			);
			defaultConfigurationIsVisible = 0;
			defaultConfigurationName = Release;
		};
/* End XCConfigurationList section */
	};
	rootObject = 93EA54CA24D4B38200FC34FC /* Project object */;
}
